
Microsoft Visual Studio Solution File, Format Version 12.00
# Visual Studio Version 17
VisualStudioVersion = 17.0.31912.275
MinimumVisualStudioVersion = 10.0.40219.1
Project("{FAE04EC0-301F-11D3-BF4B-00C04F79EFBC}") = "CarAssemblyLine", "CarAssemblyLine\CarAssemblyLine.csproj", "{51E375AE-8350-433E-8ABA-622185EDC2BD}"
EndProject
Global
	GlobalSection(SolutionConfigurationPlatforms) = preSolution
		Debug|Any CPU = Debug|Any CPU
		Release|Any CPU = Release|Any CPU
	EndGlobalSection
	GlobalSection(ProjectConfigurationPlatforms) = postSolution
		{51E375AE-8350-433E-8ABA-622185EDC2BD}.Debug|Any CPU.ActiveCfg = Debug|Any CPU
		{51E375AE-8350-433E-8ABA-622185EDC2BD}.Debug|Any CPU.Build.0 = Debug|Any CPU
		{51E375AE-8350-433E-8ABA-622185EDC2BD}.Release|Any CPU.ActiveCfg = Release|Any CPU
		{51E375AE-8350-433E-8ABA-622185EDC2BD}.Release|Any CPU.Build.0 = Release|Any CPU
	EndGlobalSection
	GlobalSection(SolutionProperties) = preSolution
		HideSolutionNode = FALSE
	EndGlobalSection
	GlobalSection(ExtensibilityGlobals) = postSolution
		SolutionGuid = {1D070621-97F5-4390-B1DC-14C0CD0A86EB}
	EndGlobalSection
EndGlobal
